
Microsoft Visual Studio Solution File, Format Version 11.00
# Visual C# Express 2010
Project("{FAE04EC0-301F-11D3-BF4B-00C04F79EFBC}") = "CultivarPre", "CultivarPre\CultivarPre\CultivarPre.csproj", "{09B596B9-0550-4992-BEBE-A72DE2EF9DE5}"
EndProject
Project("{96E2B04D-8817-42C6-938A-82C39BA4D311}") = "CultivarPreContent", "CultivarPre\CultivarPreContent\CultivarPreContent.contentproj", "{B2F12C28-E03F-4977-85B4-7DB6D14E8044}"
EndProject
Global
	GlobalSection(SolutionConfigurationPlatforms) = preSolution
		Debug|x86 = Debug|x86
		Release|x86 = Release|x86
	EndGlobalSection
	GlobalSection(ProjectConfigurationPlatforms) = postSolution
		{09B596B9-0550-4992-BEBE-A72DE2EF9DE5}.Debug|x86.ActiveCfg = Debug|x86
		{09B596B9-0550-4992-BEBE-A72DE2EF9DE5}.Debug|x86.Build.0 = Debug|x86
		{09B596B9-0550-4992-BEBE-A72DE2EF9DE5}.Release|x86.ActiveCfg = Release|x86
		{09B596B9-0550-4992-BEBE-A72DE2EF9DE5}.Release|x86.Build.0 = Release|x86
		{B2F12C28-E03F-4977-85B4-7DB6D14E8044}.Debug|x86.ActiveCfg = Debug|x86
		{B2F12C28-E03F-4977-85B4-7DB6D14E8044}.Release|x86.ActiveCfg = Release|x86
	EndGlobalSection
	GlobalSection(SolutionProperties) = preSolution
		HideSolutionNode = FALSE
	EndGlobalSection
EndGlobal
